
Microsoft Visual Studio Solution File, Format Version 12.00
# Visual Studio Version 17
VisualStudioVersion = 17.10.35122.118
MinimumVisualStudioVersion = 10.0.40219.1
Project("{FAE04EC0-301F-11D3-BF4B-00C04F79EFBC}") = "CRUD using GraphQL", "CRUD using GraphQL\CRUD using GraphQL.csproj", "{0CD26951-EB27-4BDE-8CC8-9160026C6A94}"
EndProject
Global
	GlobalSection(SolutionConfigurationPlatforms) = preSolution
		Debug|Any CPU = Debug|Any CPU
		Release|Any CPU = Release|Any CPU
	EndGlobalSection
	GlobalSection(ProjectConfigurationPlatforms) = postSolution
		{0CD26951-EB27-4BDE-8CC8-9160026C6A94}.Debug|Any CPU.ActiveCfg = Debug|Any CPU
		{0CD26951-EB27-4BDE-8CC8-9160026C6A94}.Debug|Any CPU.Build.0 = Debug|Any CPU
		{0CD26951-EB27-4BDE-8CC8-9160026C6A94}.Release|Any CPU.ActiveCfg = Release|Any CPU
		{0CD26951-EB27-4BDE-8CC8-9160026C6A94}.Release|Any CPU.Build.0 = Release|Any CPU
	EndGlobalSection
	GlobalSection(SolutionProperties) = preSolution
		HideSolutionNode = FALSE
	EndGlobalSection
	GlobalSection(ExtensibilityGlobals) = postSolution
		SolutionGuid = {1F3B6613-6E97-4A90-8BA4-8C25DE245801}
	EndGlobalSection
EndGlobal
